
Microsoft Visual Studio Solution File, Format Version 12.00
# Visual Studio Version 16
VisualStudioVersion = 16.0.30717.126
MinimumVisualStudioVersion = 10.0.40219.1
Project("{FAE04EC0-301F-11D3-BF4B-00C04F79EFBC}") = "Lab1Components", "Lab1Components.csproj", "{9A1C3CB5-3EEF-41F6-A116-841E2E599E69}"
EndProject
Global
	GlobalSection(SolutionConfigurationPlatforms) = preSolution
		Debug|Any CPU = Debug|Any CPU
		Release|Any CPU = Release|Any CPU
	EndGlobalSection
	GlobalSection(ProjectConfigurationPlatforms) = postSolution
		{9A1C3CB5-3EEF-41F6-A116-841E2E599E69}.Debug|Any CPU.ActiveCfg = Debug|Any CPU
		{9A1C3CB5-3EEF-41F6-A116-841E2E599E69}.Debug|Any CPU.Build.0 = Debug|Any CPU
		{9A1C3CB5-3EEF-41F6-A116-841E2E599E69}.Release|Any CPU.ActiveCfg = Release|Any CPU
		{9A1C3CB5-3EEF-41F6-A116-841E2E599E69}.Release|Any CPU.Build.0 = Release|Any CPU
	EndGlobalSection
	GlobalSection(SolutionProperties) = preSolution
		HideSolutionNode = FALSE
	EndGlobalSection
	GlobalSection(ExtensibilityGlobals) = postSolution
		SolutionGuid = {22EEFB62-3C39-4CBD-88CB-F04FEDB1EFC5}
	EndGlobalSection
EndGlobal
